
Microsoft Visual Studio Solution File, Format Version 12.00
# Visual Studio Version 17
VisualStudioVersion = 17.7.34009.444
MinimumVisualStudioVersion = 10.0.40219.1
Project("{9A19103F-16F7-4668-BE54-9A1E7A4F7556}") = "NutriFinder", "NutriFinder.csproj", "{FC79941B-FFFE-48D4-8D11-3A4775C7FB1A}"
EndProject
Global
	GlobalSection(SolutionConfigurationPlatforms) = preSolution
		Debug|Any CPU = Debug|Any CPU
		Release|Any CPU = Release|Any CPU
	EndGlobalSection
	GlobalSection(ProjectConfigurationPlatforms) = postSolution
		{FC79941B-FFFE-48D4-8D11-3A4775C7FB1A}.Debug|Any CPU.ActiveCfg = Debug|Any CPU
		{FC79941B-FFFE-48D4-8D11-3A4775C7FB1A}.Debug|Any CPU.Build.0 = Debug|Any CPU
		{FC79941B-FFFE-48D4-8D11-3A4775C7FB1A}.Release|Any CPU.ActiveCfg = Release|Any CPU
		{FC79941B-FFFE-48D4-8D11-3A4775C7FB1A}.Release|Any CPU.Build.0 = Release|Any CPU
	EndGlobalSection
	GlobalSection(SolutionProperties) = preSolution
		HideSolutionNode = FALSE
	EndGlobalSection
	GlobalSection(ExtensibilityGlobals) = postSolution
		SolutionGuid = {F48514D0-E231-4ED7-B544-EE9C2C2583DF}
	EndGlobalSection
EndGlobal
